
Microsoft Visual Studio Solution File, Format Version 12.00
# Visual Studio 2012
Project("{FAE04EC0-301F-11D3-BF4B-00C04F79EFBC}") = "UdpEcho.Server", "UDPEcho.Server\UdpEcho.Server.csproj", "{069BB6AA-0D18-43B4-B46F-0E5B828D4EA5}"
EndProject
Project("{FAE04EC0-301F-11D3-BF4B-00C04F79EFBC}") = "UdpEcho.Talker", "UDPTalker\UdpEcho.Talker.csproj", "{5C214822-C2BE-49DD-96A3-1F55FCB1E5FC}"
EndProject
Project("{FAE04EC0-301F-11D3-BF4B-00C04F79EFBC}") = "UdpEcho.Console", "UDPEcho.Console\UdpEcho.Console.csproj", "{5062D859-5107-4765-9420-626A90CACDD2}"
EndProject
Global
	GlobalSection(SolutionConfigurationPlatforms) = preSolution
		Debug|Any CPU = Debug|Any CPU
		Release|Any CPU = Release|Any CPU
	EndGlobalSection
	GlobalSection(ProjectConfigurationPlatforms) = postSolution
		{069BB6AA-0D18-43B4-B46F-0E5B828D4EA5}.Debug|Any CPU.ActiveCfg = Debug|Any CPU
		{069BB6AA-0D18-43B4-B46F-0E5B828D4EA5}.Debug|Any CPU.Build.0 = Debug|Any CPU
		{069BB6AA-0D18-43B4-B46F-0E5B828D4EA5}.Release|Any CPU.ActiveCfg = Release|Any CPU
		{069BB6AA-0D18-43B4-B46F-0E5B828D4EA5}.Release|Any CPU.Build.0 = Release|Any CPU
		{5C214822-C2BE-49DD-96A3-1F55FCB1E5FC}.Debug|Any CPU.ActiveCfg = Debug|Any CPU
		{5C214822-C2BE-49DD-96A3-1F55FCB1E5FC}.Debug|Any CPU.Build.0 = Debug|Any CPU
		{5C214822-C2BE-49DD-96A3-1F55FCB1E5FC}.Release|Any CPU.ActiveCfg = Release|Any CPU
		{5C214822-C2BE-49DD-96A3-1F55FCB1E5FC}.Release|Any CPU.Build.0 = Release|Any CPU
		{5062D859-5107-4765-9420-626A90CACDD2}.Debug|Any CPU.ActiveCfg = Debug|Any CPU
		{5062D859-5107-4765-9420-626A90CACDD2}.Debug|Any CPU.Build.0 = Debug|Any CPU
		{5062D859-5107-4765-9420-626A90CACDD2}.Release|Any CPU.ActiveCfg = Release|Any CPU
		{5062D859-5107-4765-9420-626A90CACDD2}.Release|Any CPU.Build.0 = Release|Any CPU
	EndGlobalSection
	GlobalSection(SolutionProperties) = preSolution
		HideSolutionNode = FALSE
	EndGlobalSection
EndGlobal
